// !$*UTF8*$!
{
	archiveVersion = 1;
	classes = {
	};
	objectVersion = 56;
	objects = {

/* Begin PBXBuildFile section */
		15EE0333BDF0A24A0D19EA84 /* AlarmKitService.swift in Sources */ = {isa = PBXBuildFile; fileRef = D72414BD7019ACF54D72C9CC /* AlarmKitService.swift */; };
		26A2EAE83543B0739DC52107 /* Models.swift in Sources */ = {isa = PBXBuildFile; fileRef = A158FEF8BF6EE67249951B60 /* Models.swift */; };
		64A45021617E4E2E9570F0E1 /* AlarmView.swift in Sources */ = {isa = PBXBuildFile; fileRef = 0976DB47EB536094958A4D45 /* AlarmView.swift */; };
		722CAB9BD56D5CA6AA72FEE3 /* HomeView.swift in Sources */ = {isa = PBXBuildFile; fileRef = FB5527617843015EC4FF21B9 /* HomeView.swift */; };
		76857A8855382D6ECC1106AC /* OpenAIService.swift in Sources */ = {isa = PBXBuildFile; fileRef = 1AF136B50FDE56C0A29D8773 /* OpenAIService.swift */; };
		7E24AAFFB613380BF9B41E6E /* MorningAssistantApp.swift in Sources */ = {isa = PBXBuildFile; fileRef = 72BF6EFDA6BA0501EEA130BD /* MorningAssistantApp.swift */; };
		AE0D2FD1571982C446514055 /* NotificationService.swift in Sources */ = {isa = PBXBuildFile; fileRef = 4D779730F07430A71B2C0F28 /* NotificationService.swift */; };
		B69D14AFE7E897EBF97F00C8 /* ContentView.swift in Sources */ = {isa = PBXBuildFile; fileRef = 2813EBBD67E9399EA45C5741 /* ContentView.swift */; };
		B9DB484E70DB2AB28878EE98 /* SettingsView.swift in Sources */ = {isa = PBXBuildFile; fileRef = 5443DE0BF22F82C096CD28A7 /* SettingsView.swift */; };
		DDAD9D2502518D7ED9316D03 /* Assets.xcassets in Resources */ = {isa = PBXBuildFile; fileRef = A5FF3FE1D37C850342501C09 /* Assets.xcassets */; };
		EBD8AD4BA340CA0D7C03292D /* DataManager.swift in Sources */ = {isa = PBXBuildFile; fileRef = D00C3010D21E645F66B09F45 /* DataManager.swift */; };
		F36C36E4C1B023CF26153804 /* SpeechService.swift in Sources */ = {isa = PBXBuildFile; fileRef = 68F14279F30F47034FAFF83F /* SpeechService.swift */; };
		F7DFA49333FC1FFF4ABA686D /* CallLogView.swift in Sources */ = {isa = PBXBuildFile; fileRef = E8F22914AF5EF4E07FC339C2 /* CallLogView.swift */; };
/* End PBXBuildFile section */

/* Begin PBXFileReference section */
		0976DB47EB536094958A4D45 /* AlarmView.swift */ = {isa = PBXFileReference; includeInIndex = 1; lastKnownFileType = sourcecode.swift; path = AlarmView.swift; sourceTree = "<group>"; };
		1A1A1A1A1A1A1A1A1A1A1A16 /* MorningAssistant.app */ = {isa = PBXFileReference; explicitFileType = wrapper.application; includeInIndex = 0; path = MorningAssistant.app; sourceTree = BUILT_PRODUCTS_DIR; };
		1AF136B50FDE56C0A29D8773 /* OpenAIService.swift */ = {isa = PBXFileReference; includeInIndex = 1; lastKnownFileType = sourcecode.swift; path = OpenAIService.swift; sourceTree = "<group>"; };
		2089759A5314FE152E1FFBF1 /* Info.plist */ = {isa = PBXFileReference; includeInIndex = 1; lastKnownFileType = text.plist.xml; path = Info.plist; sourceTree = "<group>"; };
		2813EBBD67E9399EA45C5741 /* ContentView.swift */ = {isa = PBXFileReference; includeInIndex = 1; lastKnownFileType = sourcecode.swift; path = ContentView.swift; sourceTree = "<group>"; };
		29E7D482F453908267382CFA /* OpenAIService.swift */ = {isa = PBXFileReference; includeInIndex = 1; lastKnownFileType = sourcecode.swift; path = MorningAssistant/Services/OpenAIService.swift; sourceTree = "<group>"; };
		4D779730F07430A71B2C0F28 /* NotificationService.swift */ = {isa = PBXFileReference; includeInIndex = 1; lastKnownFileType = sourcecode.swift; path = NotificationService.swift; sourceTree = "<group>"; };
		5443DE0BF22F82C096CD28A7 /* SettingsView.swift */ = {isa = PBXFileReference; includeInIndex = 1; lastKnownFileType = sourcecode.swift; path = SettingsView.swift; sourceTree = "<group>"; };
		68F14279F30F47034FAFF83F /* SpeechService.swift */ = {isa = PBXFileReference; includeInIndex = 1; lastKnownFileType = sourcecode.swift; path = SpeechService.swift; sourceTree = "<group>"; };
		72BF6EFDA6BA0501EEA130BD /* MorningAssistantApp.swift */ = {isa = PBXFileReference; includeInIndex = 1; lastKnownFileType = sourcecode.swift; path = MorningAssistantApp.swift; sourceTree = "<group>"; };
		8D86B81BC8F1536540CBC65F /* AlarmKitService.swift */ = {isa = PBXFileReference; includeInIndex = 1; lastKnownFileType = sourcecode.swift; path = MorningAssistant/Services/AlarmKitService.swift; sourceTree = "<group>"; };
		A158FEF8BF6EE67249951B60 /* Models.swift */ = {isa = PBXFileReference; includeInIndex = 1; lastKnownFileType = sourcecode.swift; path = Models.swift; sourceTree = "<group>"; };
		A5FF3FE1D37C850342501C09 /* Assets.xcassets */ = {isa = PBXFileReference; includeInIndex = 1; lastKnownFileType = folder.assetcatalog; path = Assets.xcassets; sourceTree = "<group>"; };
		B6529017F58DB68276941278 /* AlarmView.swift */ = {isa = PBXFileReference; includeInIndex = 1; lastKnownFileType = sourcecode.swift; path = MorningAssistant/Views/AlarmView.swift; sourceTree = "<group>"; };
		D00C3010D21E645F66B09F45 /* DataManager.swift */ = {isa = PBXFileReference; includeInIndex = 1; lastKnownFileType = sourcecode.swift; path = DataManager.swift; sourceTree = "<group>"; };
		D2F1A38B92E3EFDFD5A0C8E8 /* NotificationService.swift */ = {isa = PBXFileReference; includeInIndex = 1; lastKnownFileType = sourcecode.swift; path = MorningAssistant/Services/NotificationService.swift; sourceTree = "<group>"; };
		D55CEAC05C6D196C3D8A7F7F /* Models.swift */ = {isa = PBXFileReference; includeInIndex = 1; lastKnownFileType = sourcecode.swift; path = MorningAssistant/Models/Models.swift; sourceTree = "<group>"; };
		D72414BD7019ACF54D72C9CC /* AlarmKitService.swift */ = {isa = PBXFileReference; includeInIndex = 1; lastKnownFileType = sourcecode.swift; path = AlarmKitService.swift; sourceTree = "<group>"; };
		DFB5AE2646F565E44F88C3CB /* HomeView.swift */ = {isa = PBXFileReference; includeInIndex = 1; lastKnownFileType = sourcecode.swift; path = MorningAssistant/Views/HomeView.swift; sourceTree = "<group>"; };
		E07851B9A7A5B2FEF59AE035 /* SpeechService.swift */ = {isa = PBXFileReference; includeInIndex = 1; lastKnownFileType = sourcecode.swift; path = MorningAssistant/Services/SpeechService.swift; sourceTree = "<group>"; };
		E8F22914AF5EF4E07FC339C2 /* CallLogView.swift */ = {isa = PBXFileReference; includeInIndex = 1; lastKnownFileType = sourcecode.swift; path = CallLogView.swift; sourceTree = "<group>"; };
		E9925BA9D1249C86EB79FDAE /* DataManager.swift */ = {isa = PBXFileReference; includeInIndex = 1; lastKnownFileType = sourcecode.swift; path = MorningAssistant/Services/DataManager.swift; sourceTree = "<group>"; };
		FAE8E34AA0D087A255A30371 /* CallLogView.swift */ = {isa = PBXFileReference; includeInIndex = 1; lastKnownFileType = sourcecode.swift; path = MorningAssistant/Views/CallLogView.swift; sourceTree = "<group>"; };
		FB5527617843015EC4FF21B9 /* HomeView.swift */ = {isa = PBXFileReference; includeInIndex = 1; lastKnownFileType = sourcecode.swift; path = HomeView.swift; sourceTree = "<group>"; };
		FFFE472DB2EAE7E8709878BA /* SettingsView.swift */ = {isa = PBXFileReference; includeInIndex = 1; lastKnownFileType = sourcecode.swift; path = MorningAssistant/Views/SettingsView.swift; sourceTree = "<group>"; };
/* End PBXFileReference section */

/* Begin PBXFrameworksBuildPhase section */
		1A1A1A1A1A1A1A1A1A1A1A13 /* Frameworks */ = {
			isa = PBXFrameworksBuildPhase;
			buildActionMask = 2147483647;
			files = (
			);
			runOnlyForDeploymentPostprocessing = 0;
		};
/* End PBXFrameworksBuildPhase section */

/* Begin PBXGroup section */
		18C3C92A2E6C1E1E00624E10 /* Models */ = {
			isa = PBXGroup;
			children = (
			);
			path = Models;
			sourceTree = "<group>";
		};
		18C3C9302E6C1E1E00624E10 /* Services */ = {
			isa = PBXGroup;
			children = (
			);
			path = Services;
			sourceTree = "<group>";
		};
		18C3C9312E6C1E1E00624E10 /* Utils */ = {
			isa = PBXGroup;
			children = (
			);
			path = Utils;
			sourceTree = "<group>";
		};
		18C3C9322E6C1E1E00624E10 /* ViewModels */ = {
			isa = PBXGroup;
			children = (
			);
			path = ViewModels;
			sourceTree = "<group>";
		};
		18C3C9372E6C1E1E00624E10 /* Views */ = {
			isa = PBXGroup;
			children = (
			);
			path = Views;
			sourceTree = "<group>";
		};
		1A1A1A1A1A1A1A1A1A1A1A0D = {
			isa = PBXGroup;
			children = (
				18C3C92A2E6C1E1E00624E10 /* Models */,
				18C3C9302E6C1E1E00624E10 /* Services */,
				18C3C9312E6C1E1E00624E10 /* Utils */,
				18C3C9322E6C1E1E00624E10 /* ViewModels */,
				18C3C9372E6C1E1E00624E10 /* Views */,
				1A1A1A1A1A1A1A1A1A1A1A17 /* Products */,
				F6381F01B70F4DEC2500A122 /* MorningAssistant */,
			);
			sourceTree = "<group>";
		};
		1A1A1A1A1A1A1A1A1A1A1A17 /* Products */ = {
			isa = PBXGroup;
			children = (
				1A1A1A1A1A1A1A1A1A1A1A16 /* MorningAssistant.app */,
			);
			name = Products;
			sourceTree = "<group>";
		};
		44939F08DE877623ACB4689A /* Services */ = {
			isa = PBXGroup;
			children = (
				D72414BD7019ACF54D72C9CC /* AlarmKitService.swift */,
				4D779730F07430A71B2C0F28 /* NotificationService.swift */,
				D00C3010D21E645F66B09F45 /* DataManager.swift */,
				1AF136B50FDE56C0A29D8773 /* OpenAIService.swift */,
				68F14279F30F47034FAFF83F /* SpeechService.swift */,
			);
			name = Services;
			path = Services;
			sourceTree = "<group>";
		};
		A210E1541F59E06767FA5BC0 /* Models */ = {
			isa = PBXGroup;
			children = (
				A158FEF8BF6EE67249951B60 /* Models.swift */,
			);
			name = Models;
			path = Models;
			sourceTree = "<group>";
		};
		AF1AD5A5FC392E2F72C72E4C /* Views */ = {
			isa = PBXGroup;
			children = (
				FB5527617843015EC4FF21B9 /* HomeView.swift */,
				0976DB47EB536094958A4D45 /* AlarmView.swift */,
				E8F22914AF5EF4E07FC339C2 /* CallLogView.swift */,
				5443DE0BF22F82C096CD28A7 /* SettingsView.swift */,
			);
			name = Views;
			path = Views;
			sourceTree = "<group>";
		};
		F6381F01B70F4DEC2500A122 /* MorningAssistant */ = {
			isa = PBXGroup;
			children = (
				44939F08DE877623ACB4689A /* Services */,
				A210E1541F59E06767FA5BC0 /* Models */,
				AF1AD5A5FC392E2F72C72E4C /* Views */,
				72BF6EFDA6BA0501EEA130BD /* MorningAssistantApp.swift */,
				2813EBBD67E9399EA45C5741 /* ContentView.swift */,
				A5FF3FE1D37C850342501C09 /* Assets.xcassets */,
				2089759A5314FE152E1FFBF1 /* Info.plist */,
			);
			name = MorningAssistant;
			path = MorningAssistant;
			sourceTree = "<group>";
		};
/* End PBXGroup section */

/* Begin PBXNativeTarget section */
		1A1A1A1A1A1A1A1A1A1A1A15 /* MorningAssistant */ = {
			isa = PBXNativeTarget;
			buildConfigurationList = 1A1A1A1A1A1A1A1A1A1A1A24 /* Build configuration list for PBXNativeTarget "MorningAssistant" */;
			buildPhases = (
				1A1A1A1A1A1A1A1A1A1A1A12 /* Sources */,
				1A1A1A1A1A1A1A1A1A1A1A13 /* Frameworks */,
				1A1A1A1A1A1A1A1A1A1A1A14 /* Resources */,
			);
			buildRules = (
			);
			dependencies = (
			);
			name = MorningAssistant;
			productName = MorningAssistant;
			productReference = 1A1A1A1A1A1A1A1A1A1A1A16 /* MorningAssistant.app */;
			productType = "com.apple.product-type.application";
		};
/* End PBXNativeTarget section */

/* Begin PBXProject section */
		1A1A1A1A1A1A1A1A1A1A1A0E /* Project object */ = {
			isa = PBXProject;
			attributes = {
				BuildIndependentTargetsInParallel = 1;
				LastSwiftUpdateCheck = 1500;
				LastUpgradeCheck = 1500;
				TargetAttributes = {
					1A1A1A1A1A1A1A1A1A1A1A15 = {
						CreatedOnToolsVersion = 15.0;
					};
				};
			};
			buildConfigurationList = 1A1A1A1A1A1A1A1A1A1A1A11 /* Build configuration list for PBXProject "MorningAssistant" */;
			compatibilityVersion = "Xcode 14.0";
			developmentRegion = en;
			hasScannedForEncodings = 0;
			knownRegions = (
				en,
				Base,
			);
			mainGroup = 1A1A1A1A1A1A1A1A1A1A1A0D;
			productRefGroup = 1A1A1A1A1A1A1A1A1A1A1A17 /* Products */;
			projectDirPath = "";
			projectRoot = "";
			targets = (
				1A1A1A1A1A1A1A1A1A1A1A15 /* MorningAssistant */,
			);
		};
/* End PBXProject section */

/* Begin PBXResourcesBuildPhase section */
		1A1A1A1A1A1A1A1A1A1A1A14 /* Resources */ = {
			isa = PBXResourcesBuildPhase;
			buildActionMask = 2147483647;
			files = (
				DDAD9D2502518D7ED9316D03 /* Assets.xcassets in Resources */,
			);
			runOnlyForDeploymentPostprocessing = 0;
		};
/* End PBXResourcesBuildPhase section */

/* Begin PBXSourcesBuildPhase section */
		1A1A1A1A1A1A1A1A1A1A1A12 /* Sources */ = {
			isa = PBXSourcesBuildPhase;
			buildActionMask = 2147483647;
			files = (
				7E24AAFFB613380BF9B41E6E /* MorningAssistantApp.swift in Sources */,
				B69D14AFE7E897EBF97F00C8 /* ContentView.swift in Sources */,
				15EE0333BDF0A24A0D19EA84 /* AlarmKitService.swift in Sources */,
				AE0D2FD1571982C446514055 /* NotificationService.swift in Sources */,
				EBD8AD4BA340CA0D7C03292D /* DataManager.swift in Sources */,
				76857A8855382D6ECC1106AC /* OpenAIService.swift in Sources */,
				F36C36E4C1B023CF26153804 /* SpeechService.swift in Sources */,
				26A2EAE83543B0739DC52107 /* Models.swift in Sources */,
				722CAB9BD56D5CA6AA72FEE3 /* HomeView.swift in Sources */,
				64A45021617E4E2E9570F0E1 /* AlarmView.swift in Sources */,
				F7DFA49333FC1FFF4ABA686D /* CallLogView.swift in Sources */,
				B9DB484E70DB2AB28878EE98 /* SettingsView.swift in Sources */,
			);
			runOnlyForDeploymentPostprocessing = 0;
		};
/* End PBXSourcesBuildPhase section */

/* Begin XCBuildConfiguration section */
		1A1A1A1A1A1A1A1A1A1A1A22 /* Debug */ = {
			isa = XCBuildConfiguration;
			buildSettings = {
				ALWAYS_SEARCH_USER_PATHS = NO;
				ASSETCATALOG_COMPILER_GENERATE_SWIFT_ASSET_SYMBOL_EXTENSIONS = YES;
				CLANG_ANALYZER_NONNULL = YES;
				CLANG_ANALYZER_NUMBER_OBJECT_CONVERSION = YES_AGGRESSIVE;
				CLANG_CXX_LANGUAGE_STANDARD = "gnu++20";
				CLANG_ENABLE_MODULES = YES;
				CLANG_ENABLE_OBJC_ARC = YES;
				CLANG_ENABLE_OBJC_WEAK = YES;
				CLANG_WARN_BLOCK_CAPTURE_AUTORELEASING = YES;
				CLANG_WARN_BOOL_CONVERSION = YES;
				CLANG_WARN_COMMA = YES;
				CLANG_WARN_CONSTANT_CONVERSION = YES;
				CLANG_WARN_DEPRECATED_OBJC_IMPLEMENTATIONS = YES;
				CLANG_WARN_DIRECT_OBJC_ISA_USAGE = YES_ERROR;
				CLANG_WARN_DOCUMENTATION_COMMENTS = YES;
				CLANG_WARN_EMPTY_BODY = YES;
				CLANG_WARN_ENUM_CONVERSION = YES;
				CLANG_WARN_INFINITE_RECURSION = YES;
				CLANG_WARN_INT_CONVERSION = YES;
				CLANG_WARN_NON_LITERAL_NULL_CONVERSION = YES;
				CLANG_WARN_OBJC_IMPLICIT_RETAIN_SELF = YES;
				CLANG_WARN_OBJC_LITERAL_CONVERSION = YES;
				CLANG_WARN_OBJC_ROOT_CLASS = YES_ERROR;
				CLANG_WARN_QUOTED_INCLUDE_IN_FRAMEWORK_HEADER = YES;
				CLANG_WARN_RANGE_LOOP_ANALYSIS = YES;
				CLANG_WARN_STRICT_PROTOTYPES = YES;
				CLANG_WARN_SUSPICIOUS_MOVE = YES;
				CLANG_WARN_UNGUARDED_AVAILABILITY = YES_AGGRESSIVE;
				CLANG_WARN_UNREACHABLE_CODE = YES;
				CLANG_WARN__DUPLICATE_METHOD_MATCH = YES;
				COPY_PHASE_STRIP = NO;
				DEBUG_INFORMATION_FORMAT = dwarf;
				ENABLE_STRICT_OBJC_MSGSEND = YES;
				ENABLE_TESTABILITY = YES;
				ENABLE_USER_SCRIPT_SANDBOXING = YES;
				GCC_C_LANGUAGE_STANDARD = gnu11;
				GCC_DYNAMIC_NO_PIC = NO;
				GCC_NO_COMMON_BLOCKS = YES;
				GCC_OPTIMIZATION_LEVEL = 0;
				GCC_PREPROCESSOR_DEFINITIONS = (
					"DEBUG=1",
					"$(inherited)",
				);
				GCC_WARN_64_TO_32_BIT_CONVERSION = YES;
				GCC_WARN_ABOUT_RETURN_TYPE = YES_ERROR;
				GCC_WARN_UNDECLARED_SELECTOR = YES;
				GCC_WARN_UNINITIALIZED_AUTOS = YES_AGGRESSIVE;
				GCC_WARN_UNUSED_FUNCTION = YES;
				GCC_WARN_UNUSED_VARIABLE = YES;
				IPHONEOS_DEPLOYMENT_TARGET = 16.0;
				MTL_ENABLE_DEBUG_INFO = INCLUDE_SOURCE;
				MTL_FAST_MATH = YES;
				ONLY_ACTIVE_ARCH = YES;
				SDKROOT = iphoneos;
				SWIFT_ACTIVE_COMPILATION_CONDITIONS = DEBUG;
				SWIFT_OPTIMIZATION_LEVEL = "-Onone";
			};
			name = Debug;
		};
		1A1A1A1A1A1A1A1A1A1A1A23 /* Release */ = {
			isa = XCBuildConfiguration;
			buildSettings = {
				ALWAYS_SEARCH_USER_PATHS = NO;
				ASSETCATALOG_COMPILER_GENERATE_SWIFT_ASSET_SYMBOL_EXTENSIONS = YES;
				CLANG_ANALYZER_NONNULL = YES;
				CLANG_ANALYZER_NUMBER_OBJECT_CONVERSION = YES_AGGRESSIVE;
				CLANG_CXX_LANGUAGE_STANDARD = "gnu++20";
				CLANG_ENABLE_MODULES = YES;
				CLANG_ENABLE_OBJC_ARC = YES;
				CLANG_ENABLE_OBJC_WEAK = YES;
				CLANG_WARN_BLOCK_CAPTURE_AUTORELEASING = YES;
				CLANG_WARN_BOOL_CONVERSION = YES;
				CLANG_WARN_COMMA = YES;
				CLANG_WARN_CONSTANT_CONVERSION = YES;
				CLANG_WARN_DEPRECATED_OBJC_IMPLEMENTATIONS = YES;
				CLANG_WARN_DIRECT_OBJC_ISA_USAGE = YES_ERROR;
				CLANG_WARN_DOCUMENTATION_COMMENTS = YES;
				CLANG_WARN_EMPTY_BODY = YES;
				CLANG_WARN_ENUM_CONVERSION = YES;
				CLANG_WARN_INFINITE_RECURSION = YES;
				CLANG_WARN_INT_CONVERSION = YES;
				CLANG_WARN_NON_LITERAL_NULL_CONVERSION = YES;
				CLANG_WARN_OBJC_IMPLICIT_RETAIN_SELF = YES;
				CLANG_WARN_OBJC_LITERAL_CONVERSION = YES;
				CLANG_WARN_OBJC_ROOT_CLASS = YES_ERROR;
				CLANG_WARN_QUOTED_INCLUDE_IN_FRAMEWORK_HEADER = YES;
				CLANG_WARN_RANGE_LOOP_ANALYSIS = YES;
				CLANG_WARN_STRICT_PROTOTYPES = YES;
				CLANG_WARN_SUSPICIOUS_MOVE = YES;
				CLANG_WARN_UNGUARDED_AVAILABILITY = YES_AGGRESSIVE;
				CLANG_WARN_UNREACHABLE_CODE = YES;
				CLANG_WARN__DUPLICATE_METHOD_MATCH = YES;
				COPY_PHASE_STRIP = NO;
				DEBUG_INFORMATION_FORMAT = "dwarf-with-dsym";
				ENABLE_NS_ASSERTIONS = NO;
				ENABLE_STRICT_OBJC_MSGSEND = YES;
				ENABLE_USER_SCRIPT_SANDBOXING = YES;
				GCC_C_LANGUAGE_STANDARD = gnu11;
				GCC_NO_COMMON_BLOCKS = YES;
				GCC_WARN_64_TO_32_BIT_CONVERSION = YES;
				GCC_WARN_ABOUT_RETURN_TYPE = YES_ERROR;
				GCC_WARN_UNDECLARED_SELECTOR = YES;
				GCC_WARN_UNINITIALIZED_AUTOS = YES_AGGRESSIVE;
				GCC_WARN_UNUSED_FUNCTION = YES;
				GCC_WARN_UNUSED_VARIABLE = YES;
				IPHONEOS_DEPLOYMENT_TARGET = 16.0;
				MTL_ENABLE_DEBUG_INFO = NO;
				MTL_FAST_MATH = YES;
				SDKROOT = iphoneos;
				SWIFT_COMPILATION_MODE = wholemodule;
				SWIFT_OPTIMIZATION_LEVEL = "-O";
				VALIDATE_PRODUCT = YES;
			};
			name = Release;
		};
		1A1A1A1A1A1A1A1A1A1A1A25 /* Debug */ = {
			isa = XCBuildConfiguration;
			buildSettings = {
				ASSETCATALOG_COMPILER_APPICON_NAME = AppIcon;
				ASSETCATALOG_COMPILER_GLOBAL_ACCENT_COLOR_NAME = AccentColor;
				CODE_SIGN_STYLE = Automatic;
				CURRENT_PROJECT_VERSION = 1;
				DEVELOPMENT_ASSET_PATHS = "";
				ENABLE_PREVIEWS = YES;
				GENERATE_INFOPLIST_FILE = YES;
				INFOPLIST_FILE = MorningAssistant/Info.plist;
				INFOPLIST_KEY_NSMicrophoneUsageDescription = "音声入力を使用して朝の準備をサポートします";
				INFOPLIST_KEY_NSSpeechRecognitionUsageDescription = "音声認識を使用してあなたの声を理解します";
				INFOPLIST_KEY_UIApplicationSceneManifest_Generation = YES;
				INFOPLIST_KEY_UIApplicationSupportsIndirectInputEvents = YES;
				INFOPLIST_KEY_UILaunchScreen_Generation = YES;
				INFOPLIST_KEY_UISupportedInterfaceOrientations = UIInterfaceOrientationPortrait;
				INFOPLIST_KEY_UISupportedInterfaceOrientations_iPad = "UIInterfaceOrientationLandscapeLeft UIInterfaceOrientationLandscapeRight UIInterfaceOrientationPortrait UIInterfaceOrientationPortraitUpsideDown";
				IPHONEOS_DEPLOYMENT_TARGET = 16.0;
				LD_RUNPATH_SEARCH_PATHS = (
					"$(inherited)",
					"@executable_path/Frameworks",
				);
				MARKETING_VERSION = 1.0.0;
				PRODUCT_BUNDLE_IDENTIFIER = com.morningassistant.app;
				PRODUCT_NAME = "$(TARGET_NAME)";
				SWIFT_EMIT_LOC_STRINGS = YES;
				SWIFT_VERSION = 5.0;
				TARGETED_DEVICE_FAMILY = "1,2";
			};
			name = Debug;
		};
		1A1A1A1A1A1A1A1A1A1A1A26 /* Release */ = {
			isa = XCBuildConfiguration;
			buildSettings = {
				ASSETCATALOG_COMPILER_APPICON_NAME = AppIcon;
				ASSETCATALOG_COMPILER_GLOBAL_ACCENT_COLOR_NAME = AccentColor;
				CODE_SIGN_STYLE = Automatic;
				CURRENT_PROJECT_VERSION = 1;
				DEVELOPMENT_ASSET_PATHS = "";
				ENABLE_PREVIEWS = YES;
				GENERATE_INFOPLIST_FILE = YES;
				INFOPLIST_FILE = MorningAssistant/Info.plist;
				INFOPLIST_KEY_NSMicrophoneUsageDescription = "音声入力を使用して朝の準備をサポートします";
				INFOPLIST_KEY_NSSpeechRecognitionUsageDescription = "音声認識を使用してあなたの声を理解します";
				INFOPLIST_KEY_UIApplicationSceneManifest_Generation = YES;
				INFOPLIST_KEY_UIApplicationSupportsIndirectInputEvents = YES;
				INFOPLIST_KEY_UILaunchScreen_Generation = YES;
				INFOPLIST_KEY_UISupportedInterfaceOrientations = UIInterfaceOrientationPortrait;
				INFOPLIST_KEY_UISupportedInterfaceOrientations_iPad = "UIInterfaceOrientationLandscapeLeft UIInterfaceOrientationLandscapeRight UIInterfaceOrientationPortrait UIInterfaceOrientationPortraitUpsideDown";
				IPHONEOS_DEPLOYMENT_TARGET = 16.0;
				LD_RUNPATH_SEARCH_PATHS = (
					"$(inherited)",
					"@executable_path/Frameworks",
				);
				MARKETING_VERSION = 1.0.0;
				PRODUCT_BUNDLE_IDENTIFIER = com.morningassistant.app;
				PRODUCT_NAME = "$(TARGET_NAME)";
				SWIFT_EMIT_LOC_STRINGS = YES;
				SWIFT_VERSION = 5.0;
				TARGETED_DEVICE_FAMILY = "1,2";
			};
			name = Release;
		};
/* End XCBuildConfiguration section */

/* Begin XCConfigurationList section */
		1A1A1A1A1A1A1A1A1A1A1A11 /* Build configuration list for PBXProject "MorningAssistant" */ = {
			isa = XCConfigurationList;
			buildConfigurations = (
				1A1A1A1A1A1A1A1A1A1A1A22 /* Debug */,
				1A1A1A1A1A1A1A1A1A1A1A23 /* Release */,
			);
			defaultConfigurationIsVisible = 0;
			defaultConfigurationName = Release;
		};
		1A1A1A1A1A1A1A1A1A1A1A24 /* Build configuration list for PBXNativeTarget "MorningAssistant" */ = {
			isa = XCConfigurationList;
			buildConfigurations = (
				1A1A1A1A1A1A1A1A1A1A1A25 /* Debug */,
				1A1A1A1A1A1A1A1A1A1A1A26 /* Release */,
			);
			defaultConfigurationIsVisible = 0;
			defaultConfigurationName = Release;
		};
/* End XCConfigurationList section */
	};
	rootObject = 1A1A1A1A1A1A1A1A1A1A1A0E /* Project object */;
}
